
Microsoft Visual Studio Solution File, Format Version 12.00
# Visual Studio 14
VisualStudioVersion = 14.0.25420.1
MinimumVisualStudioVersion = 10.0.40219.1
Project("{F2A71F9B-5D33-465A-A702-920D77279786}") = "Fue", "src\Fue\Fue.fsproj", "{BDC6B8EB-4DFC-4616-8DB9-738327E65664}"
EndProject
Project("{2150E333-8FDC-42A3-9474-1A3956D46DE8}") = "Build", "Build", "{CD63D170-C5B6-4C7D-AA73-5A44C76F22F3}"
	ProjectSection(SolutionItems) = preProject
		build.fsx = build.fsx
		nuget\Fue.nuspec = nuget\Fue.nuspec
		LICENSE.md = LICENSE.md
		README.md = README.md
		RELEASE_NOTES.md = RELEASE_NOTES.md
	EndProjectSection
EndProject
Project("{F2A71F9B-5D33-465A-A702-920D77279786}") = "Fue.Tests", "Tests\Fue.Tests\Fue.Tests.fsproj", "{D494B0D0-6496-42DF-8071-F9BE5440B0E4}"
EndProject
Global
	GlobalSection(SolutionConfigurationPlatforms) = preSolution
		Debug|Any CPU = Debug|Any CPU
		Release|Any CPU = Release|Any CPU
	EndGlobalSection
	GlobalSection(ProjectConfigurationPlatforms) = postSolution
		{BDC6B8EB-4DFC-4616-8DB9-738327E65664}.Debug|Any CPU.ActiveCfg = Debug|Any CPU
		{BDC6B8EB-4DFC-4616-8DB9-738327E65664}.Debug|Any CPU.Build.0 = Debug|Any CPU
		{BDC6B8EB-4DFC-4616-8DB9-738327E65664}.Release|Any CPU.ActiveCfg = Release|Any CPU
		{BDC6B8EB-4DFC-4616-8DB9-738327E65664}.Release|Any CPU.Build.0 = Release|Any CPU
		{D494B0D0-6496-42DF-8071-F9BE5440B0E4}.Debug|Any CPU.ActiveCfg = Debug|Any CPU
		{D494B0D0-6496-42DF-8071-F9BE5440B0E4}.Debug|Any CPU.Build.0 = Debug|Any CPU
		{D494B0D0-6496-42DF-8071-F9BE5440B0E4}.Release|Any CPU.ActiveCfg = Release|Any CPU
		{D494B0D0-6496-42DF-8071-F9BE5440B0E4}.Release|Any CPU.Build.0 = Release|Any CPU
	EndGlobalSection
	GlobalSection(SolutionProperties) = preSolution
		HideSolutionNode = FALSE
	EndGlobalSection
EndGlobal
